# THIS IS AN AUTOGENERATED FILE. DO NOT EDIT THIS FILE DIRECTLY.
# yarn lockfile v1


"@babel/runtime@^7.1.2":
  version "7.2.0"
  resolved "https://registry.yarnpkg.com/@babel/runtime/-/runtime-7.2.0.tgz#b03e42eeddf5898e00646e4c840fa07ba8dcad7f"
  integrity sha512-oouEibCbHMVdZSDlJBO6bZmID/zA/G/Qx3H1d3rSNPTD+L8UNKvCat7aKWSJ74zYbm5zWGh0GQN0hKj8zYFTCg==
  dependencies:
    regenerator-runtime "^0.12.0"

"@emotion/cache@^0.8.8":
  version "0.8.8"
  resolved "https://registry.yarnpkg.com/@emotion/cache/-/cache-0.8.8.tgz#2c3bd1aa5fdb88f1cc2325176a3f3201739e726c"
  integrity sha512-yaQQjNAVkKclMX6D8jTU3rhQKjCnXU1KS+Ok0lgZcarGHI2yydU/kKHyF3PZnQhbTpIFBK5W4+HmLCtCie7ESw==
  dependencies:
    "@emotion/sheet" "^0.8.1"
    "@emotion/stylis" "^0.7.1"
    "@emotion/utils" "^0.8.2"

"@emotion/core@^0.13.1":
  version "0.13.1"
  resolved "https://registry.yarnpkg.com/@emotion/core/-/core-0.13.1.tgz#4fa4983e18dbf089fa16584486c8033ca50013ea"
  integrity sha512-5qzKP6bTe2Ah7Wvh1sgtzgy6ycdpxwgMAjQ/K/VxvqBxveG9PCpq+Z0GdVg7Houb1AwYjTfNtXstjSk4sqi/7g==
  dependencies:
    "@emotion/cache" "^0.8.8"
    "@emotion/css" "^0.9.8"
    "@emotion/serialize" "^0.9.1"
    "@emotion/sheet" "^0.8.1"
    "@emotion/utils" "^0.8.2"

"@emotion/css@^0.9.8":
  version "0.9.8"
  resolved "https://registry.yarnpkg.com/@emotion/css/-/css-0.9.8.tgz#43fd45c576656d4ed9cc3b8b427c66a2ed6af30a"
  integrity sha512-Stov3+9+KWZAte/ED9Hts3r4DVBADd5erDrhrywokM31ctQsRPD3qk8W4d1ca48ry57g/nc0qUHNis/xd1SoFg==
  dependencies:
    "@emotion/serialize" "^0.9.1"
    "@emotion/utils" "^0.8.2"

"@emotion/hash@^0.6.6":
  version "0.6.6"
  resolved "https://registry.yarnpkg.com/@emotion/hash/-/hash-0.6.6.tgz#62266c5f0eac6941fece302abad69f2ee7e25e44"
  integrity sha512-ojhgxzUHZ7am3D2jHkMzPpsBAiB005GF5YU4ea+8DNPybMk01JJUM9V9YRlF/GE95tcOm8DxQvWA2jq19bGalQ==

"@emotion/is-prop-valid@^0.6.8":
  version "0.6.8"
  resolved "https://registry.yarnpkg.com/@emotion/is-prop-valid/-/is-prop-valid-0.6.8.tgz#68ad02831da41213a2089d2cab4e8ac8b30cbd85"
  integrity sha512-IMSL7ekYhmFlILXcouA6ket3vV7u9BqStlXzbKOF9HBtpUPMMlHU+bBxrLOa2NvleVwNIxeq/zL8LafLbeUXcA==
  dependencies:
    "@emotion/memoize" "^0.6.6"

"@emotion/memoize@^0.6.6":
  version "0.6.6"
  resolved "https://registry.yarnpkg.com/@emotion/memoize/-/memoize-0.6.6.tgz#004b98298d04c7ca3b4f50ca2035d4f60d2eed1b"
  integrity sha512-h4t4jFjtm1YV7UirAFuSuFGyLa+NNxjdkq6DpFLANNQY5rHueFZHVY+8Cu1HYVP6DrheB0kv4m5xPjo7eKT7yQ==

"@emotion/provider@^0.11.2":
  version "0.11.2"
  resolved "https://registry.yarnpkg.com/@emotion/provider/-/provider-0.11.2.tgz#7099f1df5641969ee4d6ff5cf1561295914030aa"
  integrity sha512-y/BRd6cJ9tyxsy4EK8WheD2X1/RfmudMYILpa8sgI3dKCjVWeEZuQM17wXRVEyhrisaRaIp1qT4h0eWUaaqNLg==
  dependencies:
    "@emotion/cache" "^0.8.8"
    "@emotion/weak-memoize" "^0.1.3"

"@emotion/serialize@^0.9.1":
  version "0.9.1"
  resolved "https://registry.yarnpkg.com/@emotion/serialize/-/serialize-0.9.1.tgz#a494982a6920730dba6303eb018220a2b629c145"
  integrity sha512-zTuAFtyPvCctHBEL8KZ5lJuwBanGSutFEncqLn/m9T1a6a93smBStK+bZzcNPgj4QS8Rkw9VTwJGhRIUVO8zsQ==
  dependencies:
    "@emotion/hash" "^0.6.6"
    "@emotion/memoize" "^0.6.6"
    "@emotion/unitless" "^0.6.7"
    "@emotion/utils" "^0.8.2"

"@emotion/sheet@^0.8.1":
  version "0.8.1"
  resolved "https://registry.yarnpkg.com/@emotion/sheet/-/sheet-0.8.1.tgz#6eed686c927a1c39f5045ec45ecfa36de896819d"
  integrity sha512-p82hFBHbNkPLZ410HOeaRJZMrN1uh9rI7JAaRXIp62PP5evspPXyi3xYtxZc1+sCSlwjnQPuOIa6N88iJNtPXw==

"@emotion/styled-base@^0.10.6":
  version "0.10.6"
  resolved "https://registry.yarnpkg.com/@emotion/styled-base/-/styled-base-0.10.6.tgz#c95631b6b4f19da97e7b44ee4e3ee1931afde264"
  integrity sha512-7RfdJm2oEXiy3isFRY63mHRmWWjScFXFoZTFkCJPaL8NhX+H724WwIoQOt3WA1Jd+bb97xkJg31JbYYsSqnEaQ==
  dependencies:
    "@emotion/is-prop-valid" "^0.6.8"
    "@emotion/serialize" "^0.9.1"
    "@emotion/utils" "^0.8.2"

"@emotion/styled@^0.10.6":
  version "0.10.6"
  resolved "https://registry.yarnpkg.com/@emotion/styled/-/styled-0.10.6.tgz#1f6af1d3d4bf9fdeb05a4d220046ce11ad21a7ca"
  integrity sha512-DFNW8jlMjy1aYCj/PKsvBoJVZAQXzjmSCwtKXLs31qZzNPaUEPbTYSIKnMUtIiAOYsu0pUTGXM+l0a+MYNm4lA==
  dependencies:
    "@emotion/styled-base" "^0.10.6"

"@emotion/stylis@^0.7.1":
  version "0.7.1"
  resolved "https://registry.yarnpkg.com/@emotion/stylis/-/stylis-0.7.1.tgz#50f63225e712d99e2b2b39c19c70fff023793ca5"
  integrity sha512-/SLmSIkN13M//53TtNxgxo57mcJk/UJIDFRKwOiLIBEyBHEcipgR6hNMQ/59Sl4VjCJ0Z/3zeAZyvnSLPG/1HQ==

"@emotion/unitless@^0.6.7":
  version "0.6.7"
  resolved "https://registry.yarnpkg.com/@emotion/unitless/-/unitless-0.6.7.tgz#53e9f1892f725b194d5e6a1684a7b394df592397"
  integrity sha512-Arj1hncvEVqQ2p7Ega08uHLr1JuRYBuO5cIvcA+WWEQ5+VmkOE3ZXzl04NbQxeQpWX78G7u6MqxKuNX3wvYZxg==

"@emotion/utils@^0.8.2":
  version "0.8.2"
  resolved "https://registry.yarnpkg.com/@emotion/utils/-/utils-0.8.2.tgz#576ff7fb1230185b619a75d258cbc98f0867a8dc"
  integrity sha512-rLu3wcBWH4P5q1CGoSSH/i9hrXs7SlbRLkoq9IGuoPYNGQvDJ3pt/wmOM+XgYjIDRMVIdkUWt0RsfzF50JfnCw==

"@emotion/weak-memoize@^0.1.3":
  version "0.1.3"
  resolved "https://registry.yarnpkg.com/@emotion/weak-memoize/-/weak-memoize-0.1.3.tgz#b700d97385fa91affed60c71dfd51c67e9dad762"
  integrity sha512-QsYGKdhhuDFNq7bjm2r44y0mp5xW3uO3csuTPDWZc0OIiMQv+AIY5Cqwd4mJiC5N8estVl7qlvOx1hbtOuUWbw==

"@storybook/addons@^4.0.12":
  version "4.0.12"
  resolved "https://registry.yarnpkg.com/@storybook/addons/-/addons-4.0.12.tgz#3e1658875dd042095f4e4e987d385ee8558d8db6"
  integrity sha512-ID+gaFFg2deybuklXrl7ZjNQ+SRaP5DJP/eri9K0cAIyTitzYg/OR5wxSeqdp5MseP1b3rdAoIW+Hkwf2F0ApA==
  dependencies:
    "@storybook/channels" "4.0.12"
    "@storybook/components" "4.0.12"
    global "^4.3.2"
    util-deprecate "^1.0.2"

"@storybook/channels@4.0.12":
  version "4.0.12"
  resolved "https://registry.yarnpkg.com/@storybook/channels/-/channels-4.0.12.tgz#7698b5365a85b8a57ff018da637c8bc8bb6cc737"
  integrity sha512-HmdjiTeY9GO3ZTeveaAisbpXE7fMb/T7nRpR8vIJxS/9g87z/RInH88aUnCerfwrz56y+GkqrX5bpO/cAhYNvg==

"@storybook/components@4.0.12":
  version "4.0.12"
  resolved "https://registry.yarnpkg.com/@storybook/components/-/components-4.0.12.tgz#7174b531efcbea721ac1d90efdfa2a8c79c37e47"
  integrity sha512-3vTX1ew18lgciV2N4LMyUa+msdSDMTc86pIUxT0wNr6sOxT4J5wJtCUkmUXYskA3tgxtokgt0LkrDfRsQ8I7OA==
  dependencies:
    "@emotion/core" "^0.13.1"
    "@emotion/provider" "^0.11.2"
    "@emotion/styled" "^0.10.6"
    global "^4.3.2"
    lodash "^4.17.11"
    prop-types "^15.6.2"
    react-inspector "^2.3.0"
    react-split-pane "^0.1.84"
    react-textarea-autosize "^7.0.4"
    render-fragment "^0.1.1"

applicationinsights-js@^1.0.20:
  version "1.0.20"
  resolved "https://registry.yarnpkg.com/applicationinsights-js/-/applicationinsights-js-1.0.20.tgz#e0519a2c043e9b4683d32d327a06c3f18c63d5ca"
  integrity sha512-vN6fEv2fNPZtw76/mv5OJ44cTP/VzSDahdXVIGnRB5Apnf2/9PIl4IyWpwS9biG53I1sWvkw83RjdrAnsIKoRQ==

babel-runtime@^6.26.0:
  version "6.26.0"
  resolved "https://registry.yarnpkg.com/babel-runtime/-/babel-runtime-6.26.0.tgz#965c7058668e82b55d7bfe04ff2337bc8b5647fe"
  integrity sha1-llxwWGaOgrVde/4E/yM3vItWR/4=
  dependencies:
    core-js "^2.4.0"
    regenerator-runtime "^0.11.0"

bowser@^1.7.3:
  version "1.9.4"
  resolved "https://registry.yarnpkg.com/bowser/-/bowser-1.9.4.tgz#890c58a2813a9d3243704334fa81b96a5c150c9a"
  integrity sha512-9IdMmj2KjigRq6oWhmwv1W36pDuA4STQZ8q6YO9um+x07xgYNCD3Oou+WP/3L1HNz7iqythGet3/p4wvc8AAwQ==

core-js@^2.4.0:
  version "2.6.0"
  resolved "https://registry.yarnpkg.com/core-js/-/core-js-2.6.0.tgz#1e30793e9ee5782b307e37ffa22da0eacddd84d4"
  integrity sha512-kLRC6ncVpuEW/1kwrOXYX6KQASCVtrh1gQr/UiaVgFlf9WE5Vp+lNe5+h3LuMr5PAucWnnEXwH0nQHRH/gpGtw==

css-in-js-utils@^2.0.0:
  version "2.0.1"
  resolved "https://registry.yarnpkg.com/css-in-js-utils/-/css-in-js-utils-2.0.1.tgz#3b472b398787291b47cfe3e44fecfdd9e914ba99"
  integrity sha512-PJF0SpJT+WdbVVt0AOYp9C8GnuruRlL/UFW7932nLWmFLQTaWEzTBQEx7/hn4BuV+WON75iAViSUJLiU3PKbpA==
  dependencies:
    hyphenate-style-name "^1.0.2"
    isobject "^3.0.1"

dom-walk@^0.1.0:
  version "0.1.1"
  resolved "https://registry.yarnpkg.com/dom-walk/-/dom-walk-0.1.1.tgz#672226dc74c8f799ad35307df936aba11acd6018"
  integrity sha1-ZyIm3HTI95mtNTB9+TaroRrNYBg=

global@^4.3.2:
  version "4.3.2"
  resolved "https://registry.yarnpkg.com/global/-/global-4.3.2.tgz#e76989268a6c74c38908b1305b10fc0e394e9d0f"
  integrity sha1-52mJJopsdMOJCLEwWxD8DjlOnQ8=
  dependencies:
    min-document "^2.19.0"
    process "~0.5.1"

hyphenate-style-name@^1.0.2:
  version "1.0.2"
  resolved "https://registry.yarnpkg.com/hyphenate-style-name/-/hyphenate-style-name-1.0.2.tgz#31160a36930adaf1fc04c6074f7eb41465d4ec4b"
  integrity sha1-MRYKNpMK2vH8BMYHT360FGXU7Es=

inline-style-prefixer@^3.0.6:
  version "3.0.8"
  resolved "https://registry.yarnpkg.com/inline-style-prefixer/-/inline-style-prefixer-3.0.8.tgz#8551b8e5b4d573244e66a34b04f7d32076a2b534"
  integrity sha1-hVG45bTVcyROZqNLBPfTIHaitTQ=
  dependencies:
    bowser "^1.7.3"
    css-in-js-utils "^2.0.0"

is-dom@^1.0.9:
  version "1.0.9"
  resolved "https://registry.yarnpkg.com/is-dom/-/is-dom-1.0.9.tgz#483832d52972073de12b9fe3f60320870da8370d"
  integrity sha1-SDgy1SlyBz3hK5/j9gMghw2oNw0=

isobject@^3.0.1:
  version "3.0.1"
  resolved "https://registry.yarnpkg.com/isobject/-/isobject-3.0.1.tgz#4e431e92b11a9731636aa1f9c8d1ccbcfdab78df"
  integrity sha1-TkMekrEalzFjaqH5yNHMvP2reN8=

"js-tokens@^3.0.0 || ^4.0.0":
  version "4.0.0"
  resolved "https://registry.yarnpkg.com/js-tokens/-/js-tokens-4.0.0.tgz#19203fb59991df98e3a287050d4647cdeaf32499"
  integrity sha512-RdJUflcE3cUzKiMqQgsCu06FPu9UdIJO0beYbPhHN4k6apgJtifcoCtT9bcxOpYBtpD2kCM6Sbzg4CausW/PKQ==

lodash@^4.17.11:
  version "4.17.11"
  resolved "https://registry.yarnpkg.com/lodash/-/lodash-4.17.11.tgz#b39ea6229ef607ecd89e2c8df12536891cac9b8d"
  integrity sha512-cQKh8igo5QUhZ7lg38DYWAxMvjSAKG0A8wGSVimP07SIUEK2UO+arSRKbRZWtelMtN5V0Hkwh5ryOto/SshYIg==

loose-envify@^1.3.1:
  version "1.4.0"
  resolved "https://registry.yarnpkg.com/loose-envify/-/loose-envify-1.4.0.tgz#71ee51fa7be4caec1a63839f7e682d8132d30caf"
  integrity sha512-lyuxPGr/Wfhrlem2CL/UcnUc1zcqKAImBDzukY7Y5F/yQiNdko6+fRLevlw1HgMySw7f611UIY408EtxRSoK3Q==
  dependencies:
    js-tokens "^3.0.0 || ^4.0.0"

min-document@^2.19.0:
  version "2.19.0"
  resolved "https://registry.yarnpkg.com/min-document/-/min-document-2.19.0.tgz#7bd282e3f5842ed295bb748cdd9f1ffa2c824685"
  integrity sha1-e9KC4/WELtKVu3SM3Z8f+iyCRoU=
  dependencies:
    dom-walk "^0.1.0"

object-assign@^4.1.1:
  version "4.1.1"
  resolved "https://registry.yarnpkg.com/object-assign/-/object-assign-4.1.1.tgz#2109adc7965887cfc05cbbd442cac8bfbb360863"
  integrity sha1-IQmtx5ZYh8/AXLvUQsrIv7s2CGM=

process@~0.5.1:
  version "0.5.2"
  resolved "https://registry.yarnpkg.com/process/-/process-0.5.2.tgz#1638d8a8e34c2f440a91db95ab9aeb677fc185cf"
  integrity sha1-FjjYqONML0QKkduVq5rrZ3/Bhc8=

prop-types@^15.5.10, prop-types@^15.5.4, prop-types@^15.6.0, prop-types@^15.6.1, prop-types@^15.6.2:
  version "15.6.2"
  resolved "https://registry.yarnpkg.com/prop-types/-/prop-types-15.6.2.tgz#05d5ca77b4453e985d60fc7ff8c859094a497102"
  integrity sha512-3pboPvLiWD7dkI3qf3KbUe6hKFKa52w+AE0VCqECtf+QHAKgOL37tTaNCnuX1nAAQ4ZhyP+kYVKf8rLmJ/feDQ==
  dependencies:
    loose-envify "^1.3.1"
    object-assign "^4.1.1"

react-inspector@^2.3.0:
  version "2.3.1"
  resolved "https://registry.yarnpkg.com/react-inspector/-/react-inspector-2.3.1.tgz#f0eb7f520669b545b441af9d38ec6d706e5f649c"
  integrity sha512-tUUK7t3KWgZEIUktOYko5Ic/oYwvjEvQUFAGC1UeMeDaQ5za2yZFtItJa2RTwBJB//NxPr000WQK6sEbqC6y0Q==
  dependencies:
    babel-runtime "^6.26.0"
    is-dom "^1.0.9"
    prop-types "^15.6.1"

react-lifecycles-compat@^3.0.4:
  version "3.0.4"
  resolved "https://registry.yarnpkg.com/react-lifecycles-compat/-/react-lifecycles-compat-3.0.4.tgz#4f1a273afdfc8f3488a8c516bfda78f872352362"
  integrity sha512-fBASbA6LnOU9dOU2eW7aQ8xmYBSXUIWr+UmF9b1efZBazGNO+rcXT/icdKnYm2pTwcRylVUYwW7H1PHfLekVzA==

react-split-pane@^0.1.84:
  version "0.1.84"
  resolved "https://registry.yarnpkg.com/react-split-pane/-/react-split-pane-0.1.84.tgz#b9c1499cbc40b09cf29953ee6f5ff1039d31906e"
  integrity sha512-rso1dRAXX/WETyqF5C0fomIYzpF71Nothfr1R7pFkrJCPVJ20ok2e6wqF+JvUTyE/meiBvsbNPT1loZjyU+53w==
  dependencies:
    inline-style-prefixer "^3.0.6"
    prop-types "^15.5.10"
    react-lifecycles-compat "^3.0.4"
    react-style-proptype "^3.0.0"

react-style-proptype@^3.0.0:
  version "3.2.2"
  resolved "https://registry.yarnpkg.com/react-style-proptype/-/react-style-proptype-3.2.2.tgz#d8e998e62ce79ec35b087252b90f19f1c33968a0"
  integrity sha512-ywYLSjNkxKHiZOqNlso9PZByNEY+FTyh3C+7uuziK0xFXu9xzdyfHwg4S9iyiRRoPCR4k2LqaBBsWVmSBwCWYQ==
  dependencies:
    prop-types "^15.5.4"

react-textarea-autosize@^7.0.4:
  version "7.1.0"
  resolved "https://registry.yarnpkg.com/react-textarea-autosize/-/react-textarea-autosize-7.1.0.tgz#3132cb77e65d94417558d37c0bfe415a5afd3445"
  integrity sha512-c2FlR/fP0qbxmlrW96SdrbgP/v0XZMTupqB90zybvmDVDutytUgPl7beU35klwcTeMepUIQEpQUn3P3bdshGPg==
  dependencies:
    "@babel/runtime" "^7.1.2"
    prop-types "^15.6.0"

regenerator-runtime@^0.11.0:
  version "0.11.1"
  resolved "https://registry.yarnpkg.com/regenerator-runtime/-/regenerator-runtime-0.11.1.tgz#be05ad7f9bf7d22e056f9726cee5017fbf19e2e9"
  integrity sha512-MguG95oij0fC3QV3URf4V2SDYGJhJnJGqvIIgdECeODCT98wSWDAJ94SSuVpYQUoTcGUIL6L4yNB7j1DFFHSBg==

regenerator-runtime@^0.12.0:
  version "0.12.1"
  resolved "https://registry.yarnpkg.com/regenerator-runtime/-/regenerator-runtime-0.12.1.tgz#fa1a71544764c036f8c49b13a08b2594c9f8a0de"
  integrity sha512-odxIc1/vDlo4iZcfXqRYFj0vpXFNoGdKMAUieAlFYO6m/nl5e9KR/beGf41z4a1FI+aQgtjhuaSlDxQ0hmkrHg==

render-fragment@^0.1.1:
  version "0.1.1"
  resolved "https://registry.yarnpkg.com/render-fragment/-/render-fragment-0.1.1.tgz#b231f259b7eee333d34256aee0ef3169be7bef30"
  integrity sha512-+DnAcalJYR8GE5VRuQGGu78Q0GDe8EXnkuk4DF8gbAhIeS6LRt4j+aaggLLj4PtQVfXNC61McXvXI58WqmRleQ==

util-deprecate@^1.0.2:
  version "1.0.2"
  resolved "https://registry.yarnpkg.com/util-deprecate/-/util-deprecate-1.0.2.tgz#450d4dc9fa70de732762fbd2d4a28981419a0ccf"
  integrity sha1-RQ1Nyfpw3nMnYvvS1KKJgUGaDM8=
